<?xml version="1.0" encoding="utf-8"?>
<Project ToolsVersion="4.0" xmlns="http://schemas.microsoft.com/developer/msbuild/2003">
  <ItemGroup>
    <Filter Include="Source Files">
      <UniqueIdentifier>{4FC737F1-C7A5-4376-A066-2A32D752A2FF}</UniqueIdentifier>
      <Extensions>qml;cpp;c;cc;cxx;def;odl;idl;hpj;bat;asm;asmx</Extensions>
    </Filter>
    <Filter Include="Header Files">
      <UniqueIdentifier>{93995380-89BD-4b04-88EB-625FBE52EBFB}</UniqueIdentifier>
      <Extensions>h;hh;hpp;hxx;hm;inl;inc;xsd</Extensions>
    </Filter>
    <Filter Include="Resource Files">
      <UniqueIdentifier>{67DA6AB6-F800-4c08-8B7A-83BB121AAD01}</UniqueIdentifier>
      <Extensions>qrc;rc;ico;cur;bmp;dlg;rc2;rct;bin;rgs;gif;jpg;jpeg;jpe;resx;tiff;tif;png;wav;mfcribbon-ms</Extensions>
    </Filter>
    <Filter Include="Form Files">
      <UniqueIdentifier>{99349809-55BA-4b9d-BF79-8FDBB0286EB3}</UniqueIdentifier>
      <Extensions>ui</Extensions>
    </Filter>
    <Filter Include="Translation Files">
      <UniqueIdentifier>{639EADAA-A684-42e4-A9AD-28FC9BCB8F7C}</UniqueIdentifier>
      <Extensions>ts</Extensions>
    </Filter>
    <Filter Include="Controller">
      <UniqueIdentifier>{605328ea-621f-4134-8809-9fda8c03be87}</UniqueIdentifier>
    </Filter>
    <Filter Include="Interface">
      <UniqueIdentifier>{f63cd2ee-2212-4952-8ebc-9031ac3d7d0d}</UniqueIdentifier>
    </Filter>
  </ItemGroup>
  <ItemGroup>
    <QtRcc Include="Resource Files\DicomImageStudy.qrc">
      <Filter>Resource Files</Filter>
    </QtRcc>
  </ItemGroup>
  <ItemGroup>
    <ClCompile Include="App\main.cpp">
      <Filter>Source Files</Filter>
    </ClCompile>
    <ClCompile Include="Controller\Strategy\AngleMeasureStrategy.cpp">
      <Filter>Source Files</Filter>
    </ClCompile>
    <ClCompile Include="Controller\Strategy\CheckboardStrategy.cpp">
      <Filter>Source Files</Filter>
    </ClCompile>
    <ClCompile Include="Controller\Strategy\ContourMeasureStrategy.cpp">
      <Filter>Source Files</Filter>
    </ClCompile>
    <ClCompile Include="Controller\Strategy\DistanceMeasureStrategy.cpp">
      <Filter>Source Files</Filter>
    </ClCompile>
    <ClCompile Include="Controller\Strategy\HandIrregularContourStrategy.cpp">
      <Filter>Source Files</Filter>
    </ClCompile>
    <ClCompile Include="Controller\Strategy\ManualMoveStrategy.cpp">
      <Filter>Source Files</Filter>
    </ClCompile>
    <ClCompile Include="Controller\Strategy\NormalStrategy.cpp">
      <Filter>Source Files</Filter>
    </ClCompile>
    <ClCompile Include="Controller\Strategy\RegistrationROIStrategy.cpp">
      <Filter>Source Files</Filter>
    </ClCompile>
    <ClCompile Include="Controller\Strategy\WindowLevelStrategy.cpp">
      <Filter>Source Files</Filter>
    </ClCompile>
    <ClCompile Include="Controller\ThreeViewController.cpp">
      <Filter>Source Files</Filter>
    </ClCompile>
    <ClCompile Include="Renderer\OverlayManager\AngleMeasureManager\SimpleAngleMeasureManager.cpp">
      <Filter>Source Files</Filter>
    </ClCompile>
    <ClCompile Include="Renderer\OverlayManager\CheckerboardManager\SimpleCheckerboardManager.cpp">
      <Filter>Source Files</Filter>
    </ClCompile>
    <ClCompile Include="Renderer\OverlayManager\ContourMeasureManager\SimpleContourMeasureManager.cpp">
      <Filter>Source Files</Filter>
    </ClCompile>
    <ClCompile Include="Renderer\OverlayManager\CrosshairManager\SimpleCrosshairManager.cpp">
      <Filter>Source Files</Filter>
    </ClCompile>
    <ClCompile Include="Renderer\OverlayManager\DistanceMeasureManager\SimpleDistanceMeasureManager.cpp">
      <Filter>Source Files</Filter>
    </ClCompile>
    <ClCompile Include="Renderer\OverlayManager\HandIrregularContourManager\SimpleHandIrregularContourManager.cpp">
      <Filter>Source Files</Filter>
    </ClCompile>
    <ClCompile Include="Renderer\OverlayManager\RegistrationROIManager\SimpleRegistrationROIManager.cpp">
      <Filter>Source Files</Filter>
    </ClCompile>
    <ClCompile Include="Renderer\OverlayManager\SimpleOverlayManager.cpp">
      <Filter>Source Files</Filter>
    </ClCompile>
    <ClCompile Include="Renderer\OverlayManager\WindowLevelManager\SimpleWindowLevelManager.cpp">
      <Filter>Source Files</Filter>
    </ClCompile>
    <ClCompile Include="Renderer\VtkViewRenderer.cpp">
      <Filter>Source Files</Filter>
    </ClCompile>
    <ClCompile Include="UI\DicomImageStudy.cpp">
      <Filter>Source Files</Filter>
    </ClCompile>
    <ClCompile Include="UI\ThreeViewWidget.cpp">
      <Filter>Source Files</Filter>
    </ClCompile>
    <ClCompile Include="Utils\ImageOrientationResampler.cpp">
      <Filter>Source Files</Filter>
    </ClCompile>
    <ClCompile Include="Utils\MyInteractorStyle.cpp">
      <Filter>Source Files</Filter>
    </ClCompile>
    <ClCompile Include="Viewer\CTViewer.cpp">
      <Filter>Source Files</Filter>
    </ClCompile>
    <ClCompile Include="Dicom\DicomRegWriter.cpp">
      <Filter>Source Files</Filter>
    </ClCompile>
    <ClCompile Include="UI\StartWidget.cpp">
      <Filter>Source Files</Filter>
    </ClCompile>
    <ClCompile Include="UI\TitleBarWidget.cpp">
      <Filter>Source Files</Filter>
    </ClCompile>
    <ClCompile Include="Renderer\OverlayManager\OverlayFactory.cpp">
      <Filter>Source Files</Filter>
    </ClCompile>
  </ItemGroup>
  <ItemGroup>
    <ClInclude Include="Common\InteractionMode.h">
      <Filter>Header Files</Filter>
    </ClInclude>
    <ClInclude Include="Common\ViewTypes.h">
      <Filter>Header Files</Filter>
    </ClInclude>
    <ClInclude Include="Controller\Strategy\AngleMeasureStrategy.h">
      <Filter>Header Files</Filter>
    </ClInclude>
    <ClInclude Include="Controller\Strategy\CheckboardStrategy.h">
      <Filter>Header Files</Filter>
    </ClInclude>
    <ClInclude Include="Controller\Strategy\ContourMeasureStrategy.h">
      <Filter>Header Files</Filter>
    </ClInclude>
    <ClInclude Include="Controller\Strategy\DistanceMeasureStrategy.h">
      <Filter>Header Files</Filter>
    </ClInclude>
    <ClInclude Include="Controller\Strategy\HandIrregularContourStrategy.h">
      <Filter>Header Files</Filter>
    </ClInclude>
    <ClInclude Include="Controller\Strategy\IInteractionStrategy.h">
      <Filter>Header Files</Filter>
    </ClInclude>
    <ClInclude Include="Controller\Strategy\ManualMoveStrategy.h">
      <Filter>Header Files</Filter>
    </ClInclude>
    <ClInclude Include="Controller\Strategy\NormalStrategy.h">
      <Filter>Header Files</Filter>
    </ClInclude>
    <ClInclude Include="Controller\Strategy\RegistrationROIStrategy.h">
      <Filter>Header Files</Filter>
    </ClInclude>
    <ClInclude Include="Controller\Strategy\WindowLevelStrategy.h">
      <Filter>Header Files</Filter>
    </ClInclude>
    <ClInclude Include="Interface\IViewController.h">
      <Filter>Header Files</Filter>
    </ClInclude>
    <ClInclude Include="Interface\IViewRenderer.h">
      <Filter>Header Files</Filter>
    </ClInclude>
    <ClInclude Include="Renderer\OverlayManager\AngleMeasureManager\IAngleMeasureManager.h">
      <Filter>Header Files</Filter>
    </ClInclude>
    <ClInclude Include="Renderer\OverlayManager\AngleMeasureManager\SimpleAngleMeasureManager.h">
      <Filter>Header Files</Filter>
    </ClInclude>
    <ClInclude Include="Renderer\OverlayManager\CheckerboardManager\ICheckerboardManager.h">
      <Filter>Header Files</Filter>
    </ClInclude>
    <ClInclude Include="Renderer\OverlayManager\CheckerboardManager\SimpleCheckerboardManager.h">
      <Filter>Header Files</Filter>
    </ClInclude>
    <ClInclude Include="Renderer\OverlayManager\ContourMeasureManager\IContourMeasureManager.h">
      <Filter>Header Files</Filter>
    </ClInclude>
    <ClInclude Include="Renderer\OverlayManager\ContourMeasureManager\SimpleContourMeasureManager.h">
      <Filter>Header Files</Filter>
    </ClInclude>
    <ClInclude Include="Renderer\OverlayManager\CrosshairManager\ICrosshairManager.h">
      <Filter>Header Files</Filter>
    </ClInclude>
    <ClInclude Include="Renderer\OverlayManager\CrosshairManager\SimpleCrosshairManager.h">
      <Filter>Header Files</Filter>
    </ClInclude>
    <ClInclude Include="Renderer\OverlayManager\DistanceMeasureManager\IDistanceMeasureManager.h">
      <Filter>Header Files</Filter>
    </ClInclude>
    <ClInclude Include="Renderer\OverlayManager\DistanceMeasureManager\SimpleDistanceMeasureManager.h">
      <Filter>Header Files</Filter>
    </ClInclude>
    <ClInclude Include="Renderer\OverlayManager\HandIrregularContourManager\IHandIrregularContourManager.h">
      <Filter>Header Files</Filter>
    </ClInclude>
    <ClInclude Include="Renderer\OverlayManager\HandIrregularContourManager\SimpleHandIrregularContourManager.h">
      <Filter>Header Files</Filter>
    </ClInclude>
    <ClInclude Include="Renderer\OverlayManager\IOverlayManager.h">
      <Filter>Header Files</Filter>
    </ClInclude>
    <ClInclude Include="Renderer\OverlayManager\RegistrationROIManager\IRegistrationROIManager.h">
      <Filter>Header Files</Filter>
    </ClInclude>
    <ClInclude Include="Renderer\OverlayManager\RegistrationROIManager\SimpleRegistrationROIManager.h">
      <Filter>Header Files</Filter>
    </ClInclude>
    <ClInclude Include="Renderer\OverlayManager\SimpleOverlayManager.h">
      <Filter>Header Files</Filter>
    </ClInclude>
    <ClInclude Include="Renderer\OverlayManager\WindowLevelManager\IWindowLevelManager.h">
      <Filter>Header Files</Filter>
    </ClInclude>
    <ClInclude Include="Renderer\OverlayManager\WindowLevelManager\SimpleWindowLevelManager.h">
      <Filter>Header Files</Filter>
    </ClInclude>
    <ClInclude Include="Utils\ImageOrientationResampler.h">
      <Filter>Header Files</Filter>
    </ClInclude>
    <ClInclude Include="Utils\MyInteractorStyle.h">
      <Filter>Header Files</Filter>
    </ClInclude>
    <ClInclude Include="Viewer\CTViewer.h">
      <Filter>Header Files</Filter>
    </ClInclude>
    <ClInclude Include="Dicom\DicomRegWriter.h">
      <Filter>Header Files</Filter>
    </ClInclude>
    <ClInclude Include="Renderer\OverlayManager\IOverlayFeature.h">
      <Filter>Header Files</Filter>
    </ClInclude>
    <ClInclude Include="Renderer\OverlayManager\OverlayFactory.h">
      <Filter>Header Files</Filter>
    </ClInclude>
  </ItemGroup>
  <ItemGroup>
    <QtMoc Include="UI\DicomImageStudy.h">
      <Filter>Header Files</Filter>
    </QtMoc>
    <QtMoc Include="UI\ThreeViewWidget.h">
      <Filter>Header Files</Filter>
    </QtMoc>
    <QtMoc Include="Controller\ThreeViewController.h">
      <Filter>Header Files</Filter>
    </QtMoc>
    <QtMoc Include="Renderer\VtkViewRenderer.h">
      <Filter>Header Files</Filter>
    </QtMoc>
    <QtMoc Include="UI\StartWidget.h">
      <Filter>Header Files</Filter>
    </QtMoc>
    <QtMoc Include="UI\TitleBarWidget.h">
      <Filter>Header Files</Filter>
    </QtMoc>
  </ItemGroup>
  <ItemGroup>
    <QtUic Include="UI\DicomImageStudy.ui">
      <Filter>Form Files</Filter>
    </QtUic>
    <QtUic Include="UI\StartWidget.ui">
      <Filter>Form Files</Filter>
    </QtUic>
    <QtUic Include="UI\TitleBarWidget.ui">
      <Filter>Form Files</Filter>
    </QtUic>
  </ItemGroup>
</Project>